// !$*UTF8*$!
{
	archiveVersion = 1;
	classes = {
	};
	objectVersion = 48;
	objects = {

/* Begin PBXBuildFile section */
		56D18DB1200B663100703B9D /* Process+Extensions.swift in Sources */ = {isa = PBXBuildFile; fileRef = 56D18DB0200B663100703B9D /* Process+Extensions.swift */; };
		56D18DB3200B7B1000703B9D /* Cons.swift in Sources */ = {isa = PBXBuildFile; fileRef = 56D18DB2200B7B1000703B9D /* Cons.swift */; };
		56D4AF9020091DEC0034B9D2 /* Main.storyboard in Resources */ = {isa = PBXBuildFile; fileRef = 56D4AF8F20091DEC0034B9D2 /* Main.storyboard */; };
		56D4AF9220091E770034B9D2 /* ViewController.swift in Sources */ = {isa = PBXBuildFile; fileRef = 56D4AF9120091E770034B9D2 /* ViewController.swift */; };
		CEBE9D252008D3B0002FD5FE /* AppDelegate.swift in Sources */ = {isa = PBXBuildFile; fileRef = CEBE9D242008D3B0002FD5FE /* AppDelegate.swift */; };
		CEBE9D272008D3B0002FD5FE /* Assets.xcassets in Resources */ = {isa = PBXBuildFile; fileRef = CEBE9D262008D3B0002FD5FE /* Assets.xcassets */; };
		CEBE9D362008D3B0002FD5FE /* SpringTicketTests.swift in Sources */ = {isa = PBXBuildFile; fileRef = CEBE9D352008D3B0002FD5FE /* SpringTicketTests.swift */; };
		CEBE9D412008D3B0002FD5FE /* SpringTicketUITests.swift in Sources */ = {isa = PBXBuildFile; fileRef = CEBE9D402008D3B0002FD5FE /* SpringTicketUITests.swift */; };
		CEBE9D502008D428002FD5FE /* MainViewController.swift in Sources */ = {isa = PBXBuildFile; fileRef = CEBE9D4E2008D427002FD5FE /* MainViewController.swift */; };
		CEBE9D512008D428002FD5FE /* MainViewController.xib in Resources */ = {isa = PBXBuildFile; fileRef = CEBE9D4F2008D428002FD5FE /* MainViewController.xib */; };
/* End PBXBuildFile section */

/* Begin PBXContainerItemProxy section */
		CEBE9D322008D3B0002FD5FE /* PBXContainerItemProxy */ = {
			isa = PBXContainerItemProxy;
			containerPortal = CEBE9D192008D3B0002FD5FE /* Project object */;
			proxyType = 1;
			remoteGlobalIDString = CEBE9D202008D3B0002FD5FE;
			remoteInfo = SpringTicket;
		};
		CEBE9D3D2008D3B0002FD5FE /* PBXContainerItemProxy */ = {
			isa = PBXContainerItemProxy;
			containerPortal = CEBE9D192008D3B0002FD5FE /* Project object */;
			proxyType = 1;
			remoteGlobalIDString = CEBE9D202008D3B0002FD5FE;
			remoteInfo = SpringTicket;
		};
/* End PBXContainerItemProxy section */

/* Begin PBXFileReference section */
		56D18DB0200B663100703B9D /* Process+Extensions.swift */ = {isa = PBXFileReference; lastKnownFileType = sourcecode.swift; path = "Process+Extensions.swift"; sourceTree = "<group>"; };
		56D18DB2200B7B1000703B9D /* Cons.swift */ = {isa = PBXFileReference; lastKnownFileType = sourcecode.swift; path = Cons.swift; sourceTree = "<group>"; };
		56D4AF8F20091DEC0034B9D2 /* Main.storyboard */ = {isa = PBXFileReference; lastKnownFileType = file.storyboard; path = Main.storyboard; sourceTree = "<group>"; };
		56D4AF9120091E770034B9D2 /* ViewController.swift */ = {isa = PBXFileReference; lastKnownFileType = sourcecode.swift; path = ViewController.swift; sourceTree = "<group>"; };
		CEBE9D212008D3B0002FD5FE /* SpringTicket.app */ = {isa = PBXFileReference; explicitFileType = wrapper.application; includeInIndex = 0; path = SpringTicket.app; sourceTree = BUILT_PRODUCTS_DIR; };
		CEBE9D242008D3B0002FD5FE /* AppDelegate.swift */ = {isa = PBXFileReference; lastKnownFileType = sourcecode.swift; path = AppDelegate.swift; sourceTree = "<group>"; };
		CEBE9D262008D3B0002FD5FE /* Assets.xcassets */ = {isa = PBXFileReference; lastKnownFileType = folder.assetcatalog; path = Assets.xcassets; sourceTree = "<group>"; };
		CEBE9D2B2008D3B0002FD5FE /* Info.plist */ = {isa = PBXFileReference; lastKnownFileType = text.plist.xml; path = Info.plist; sourceTree = "<group>"; };
		CEBE9D2C2008D3B0002FD5FE /* SpringTicket.entitlements */ = {isa = PBXFileReference; lastKnownFileType = text.plist.entitlements; path = SpringTicket.entitlements; sourceTree = "<group>"; };
		CEBE9D312008D3B0002FD5FE /* SpringTicketTests.xctest */ = {isa = PBXFileReference; explicitFileType = wrapper.cfbundle; includeInIndex = 0; path = SpringTicketTests.xctest; sourceTree = BUILT_PRODUCTS_DIR; };
		CEBE9D352008D3B0002FD5FE /* SpringTicketTests.swift */ = {isa = PBXFileReference; lastKnownFileType = sourcecode.swift; path = SpringTicketTests.swift; sourceTree = "<group>"; };
		CEBE9D372008D3B0002FD5FE /* Info.plist */ = {isa = PBXFileReference; lastKnownFileType = text.plist.xml; path = Info.plist; sourceTree = "<group>"; };
		CEBE9D3C2008D3B0002FD5FE /* SpringTicketUITests.xctest */ = {isa = PBXFileReference; explicitFileType = wrapper.cfbundle; includeInIndex = 0; path = SpringTicketUITests.xctest; sourceTree = BUILT_PRODUCTS_DIR; };
		CEBE9D402008D3B0002FD5FE /* SpringTicketUITests.swift */ = {isa = PBXFileReference; lastKnownFileType = sourcecode.swift; path = SpringTicketUITests.swift; sourceTree = "<group>"; };
		CEBE9D422008D3B1002FD5FE /* Info.plist */ = {isa = PBXFileReference; lastKnownFileType = text.plist.xml; path = Info.plist; sourceTree = "<group>"; };
		CEBE9D4E2008D427002FD5FE /* MainViewController.swift */ = {isa = PBXFileReference; fileEncoding = 4; lastKnownFileType = sourcecode.swift; path = MainViewController.swift; sourceTree = "<group>"; };
		CEBE9D4F2008D428002FD5FE /* MainViewController.xib */ = {isa = PBXFileReference; fileEncoding = 4; lastKnownFileType = file.xib; path = MainViewController.xib; sourceTree = "<group>"; };
/* End PBXFileReference section */

/* Begin PBXFrameworksBuildPhase section */
		CEBE9D1E2008D3B0002FD5FE /* Frameworks */ = {
			isa = PBXFrameworksBuildPhase;
			buildActionMask = 2147483647;
			files = (
			);
			runOnlyForDeploymentPostprocessing = 0;
		};
		CEBE9D2E2008D3B0002FD5FE /* Frameworks */ = {
			isa = PBXFrameworksBuildPhase;
			buildActionMask = 2147483647;
			files = (
			);
			runOnlyForDeploymentPostprocessing = 0;
		};
		CEBE9D392008D3B0002FD5FE /* Frameworks */ = {
			isa = PBXFrameworksBuildPhase;
			buildActionMask = 2147483647;
			files = (
			);
			runOnlyForDeploymentPostprocessing = 0;
		};
/* End PBXFrameworksBuildPhase section */

/* Begin PBXGroup section */
		CEBE9D182008D3B0002FD5FE = {
			isa = PBXGroup;
			children = (
				CEBE9D232008D3B0002FD5FE /* SpringTicket */,
				CEBE9D342008D3B0002FD5FE /* SpringTicketTests */,
				CEBE9D3F2008D3B0002FD5FE /* SpringTicketUITests */,
				CEBE9D222008D3B0002FD5FE /* Products */,
			);
			sourceTree = "<group>";
		};
		CEBE9D222008D3B0002FD5FE /* Products */ = {
			isa = PBXGroup;
			children = (
				CEBE9D212008D3B0002FD5FE /* SpringTicket.app */,
				CEBE9D312008D3B0002FD5FE /* SpringTicketTests.xctest */,
				CEBE9D3C2008D3B0002FD5FE /* SpringTicketUITests.xctest */,
			);
			name = Products;
			sourceTree = "<group>";
		};
		CEBE9D232008D3B0002FD5FE /* SpringTicket */ = {
			isa = PBXGroup;
			children = (
				CEBE9D242008D3B0002FD5FE /* AppDelegate.swift */,
				56D4AF9120091E770034B9D2 /* ViewController.swift */,
				56D18DB2200B7B1000703B9D /* Cons.swift */,
				56D4AF8F20091DEC0034B9D2 /* Main.storyboard */,
				CEBE9D4E2008D427002FD5FE /* MainViewController.swift */,
				CEBE9D4F2008D428002FD5FE /* MainViewController.xib */,
				56D18DB0200B663100703B9D /* Process+Extensions.swift */,
				CEBE9D2B2008D3B0002FD5FE /* Info.plist */,
				CEBE9D262008D3B0002FD5FE /* Assets.xcassets */,
				CEBE9D2C2008D3B0002FD5FE /* SpringTicket.entitlements */,
			);
			path = SpringTicket;
			sourceTree = "<group>";
		};
		CEBE9D342008D3B0002FD5FE /* SpringTicketTests */ = {
			isa = PBXGroup;
			children = (
				CEBE9D352008D3B0002FD5FE /* SpringTicketTests.swift */,
				CEBE9D372008D3B0002FD5FE /* Info.plist */,
			);
			path = SpringTicketTests;
			sourceTree = "<group>";
		};
		CEBE9D3F2008D3B0002FD5FE /* SpringTicketUITests */ = {
			isa = PBXGroup;
			children = (
				CEBE9D402008D3B0002FD5FE /* SpringTicketUITests.swift */,
				CEBE9D422008D3B1002FD5FE /* Info.plist */,
			);
			path = SpringTicketUITests;
			sourceTree = "<group>";
		};
/* End PBXGroup section */

/* Begin PBXNativeTarget section */
		CEBE9D202008D3B0002FD5FE /* SpringTicket */ = {
			isa = PBXNativeTarget;
			buildConfigurationList = CEBE9D452008D3B1002FD5FE /* Build configuration list for PBXNativeTarget "SpringTicket" */;
			buildPhases = (
				CEBE9D1D2008D3B0002FD5FE /* Sources */,
				CEBE9D1E2008D3B0002FD5FE /* Frameworks */,
				CEBE9D1F2008D3B0002FD5FE /* Resources */,
			);
			buildRules = (
			);
			dependencies = (
			);
			name = SpringTicket;
			productName = SpringTicket;
			productReference = CEBE9D212008D3B0002FD5FE /* SpringTicket.app */;
			productType = "com.apple.product-type.application";
		};
		CEBE9D302008D3B0002FD5FE /* SpringTicketTests */ = {
			isa = PBXNativeTarget;
			buildConfigurationList = CEBE9D482008D3B1002FD5FE /* Build configuration list for PBXNativeTarget "SpringTicketTests" */;
			buildPhases = (
				CEBE9D2D2008D3B0002FD5FE /* Sources */,
				CEBE9D2E2008D3B0002FD5FE /* Frameworks */,
				CEBE9D2F2008D3B0002FD5FE /* Resources */,
			);
			buildRules = (
			);
			dependencies = (
				CEBE9D332008D3B0002FD5FE /* PBXTargetDependency */,
			);
			name = SpringTicketTests;
			productName = SpringTicketTests;
			productReference = CEBE9D312008D3B0002FD5FE /* SpringTicketTests.xctest */;
			productType = "com.apple.product-type.bundle.unit-test";
		};
		CEBE9D3B2008D3B0002FD5FE /* SpringTicketUITests */ = {
			isa = PBXNativeTarget;
			buildConfigurationList = CEBE9D4B2008D3B1002FD5FE /* Build configuration list for PBXNativeTarget "SpringTicketUITests" */;
			buildPhases = (
				CEBE9D382008D3B0002FD5FE /* Sources */,
				CEBE9D392008D3B0002FD5FE /* Frameworks */,
				CEBE9D3A2008D3B0002FD5FE /* Resources */,
			);
			buildRules = (
			);
			dependencies = (
				CEBE9D3E2008D3B0002FD5FE /* PBXTargetDependency */,
			);
			name = SpringTicketUITests;
			productName = SpringTicketUITests;
			productReference = CEBE9D3C2008D3B0002FD5FE /* SpringTicketUITests.xctest */;
			productType = "com.apple.product-type.bundle.ui-testing";
		};
/* End PBXNativeTarget section */

/* Begin PBXProject section */
		CEBE9D192008D3B0002FD5FE /* Project object */ = {
			isa = PBXProject;
			attributes = {
				LastSwiftUpdateCheck = 0920;
				LastUpgradeCheck = 0920;
				ORGANIZATIONNAME = NG;
				TargetAttributes = {
					CEBE9D202008D3B0002FD5FE = {
						CreatedOnToolsVersion = 9.2;
						ProvisioningStyle = Automatic;
					};
					CEBE9D302008D3B0002FD5FE = {
						CreatedOnToolsVersion = 9.2;
						ProvisioningStyle = Automatic;
						TestTargetID = CEBE9D202008D3B0002FD5FE;
					};
					CEBE9D3B2008D3B0002FD5FE = {
						CreatedOnToolsVersion = 9.2;
						ProvisioningStyle = Automatic;
						TestTargetID = CEBE9D202008D3B0002FD5FE;
					};
				};
			};
			buildConfigurationList = CEBE9D1C2008D3B0002FD5FE /* Build configuration list for PBXProject "SpringTicket" */;
			compatibilityVersion = "Xcode 8.0";
			developmentRegion = en;
			hasScannedForEncodings = 0;
			knownRegions = (
				en,
				Base,
			);
			mainGroup = CEBE9D182008D3B0002FD5FE;
			productRefGroup = CEBE9D222008D3B0002FD5FE /* Products */;
			projectDirPath = "";
			projectRoot = "";
			targets = (
				CEBE9D202008D3B0002FD5FE /* SpringTicket */,
				CEBE9D302008D3B0002FD5FE /* SpringTicketTests */,
				CEBE9D3B2008D3B0002FD5FE /* SpringTicketUITests */,
			);
		};
/* End PBXProject section */

/* Begin PBXResourcesBuildPhase section */
		CEBE9D1F2008D3B0002FD5FE /* Resources */ = {
			isa = PBXResourcesBuildPhase;
			buildActionMask = 2147483647;
			files = (
				CEBE9D272008D3B0002FD5FE /* Assets.xcassets in Resources */,
				CEBE9D512008D428002FD5FE /* MainViewController.xib in Resources */,
				56D4AF9020091DEC0034B9D2 /* Main.storyboard in Resources */,
			);
			runOnlyForDeploymentPostprocessing = 0;
		};
		CEBE9D2F2008D3B0002FD5FE /* Resources */ = {
			isa = PBXResourcesBuildPhase;
			buildActionMask = 2147483647;
			files = (
			);
			runOnlyForDeploymentPostprocessing = 0;
		};
		CEBE9D3A2008D3B0002FD5FE /* Resources */ = {
			isa = PBXResourcesBuildPhase;
			buildActionMask = 2147483647;
			files = (
			);
			runOnlyForDeploymentPostprocessing = 0;
		};
/* End PBXResourcesBuildPhase section */

/* Begin PBXSourcesBuildPhase section */
		CEBE9D1D2008D3B0002FD5FE /* Sources */ = {
			isa = PBXSourcesBuildPhase;
			buildActionMask = 2147483647;
			files = (
				56D4AF9220091E770034B9D2 /* ViewController.swift in Sources */,
				56D18DB1200B663100703B9D /* Process+Extensions.swift in Sources */,
				CEBE9D252008D3B0002FD5FE /* AppDelegate.swift in Sources */,
				56D18DB3200B7B1000703B9D /* Cons.swift in Sources */,
				CEBE9D502008D428002FD5FE /* MainViewController.swift in Sources */,
			);
			runOnlyForDeploymentPostprocessing = 0;
		};
		CEBE9D2D2008D3B0002FD5FE /* Sources */ = {
			isa = PBXSourcesBuildPhase;
			buildActionMask = 2147483647;
			files = (
				CEBE9D362008D3B0002FD5FE /* SpringTicketTests.swift in Sources */,
			);
			runOnlyForDeploymentPostprocessing = 0;
		};
		CEBE9D382008D3B0002FD5FE /* Sources */ = {
			isa = PBXSourcesBuildPhase;
			buildActionMask = 2147483647;
			files = (
				CEBE9D412008D3B0002FD5FE /* SpringTicketUITests.swift in Sources */,
			);
			runOnlyForDeploymentPostprocessing = 0;
		};
/* End PBXSourcesBuildPhase section */

/* Begin PBXTargetDependency section */
		CEBE9D332008D3B0002FD5FE /* PBXTargetDependency */ = {
			isa = PBXTargetDependency;
			target = CEBE9D202008D3B0002FD5FE /* SpringTicket */;
			targetProxy = CEBE9D322008D3B0002FD5FE /* PBXContainerItemProxy */;
		};
		CEBE9D3E2008D3B0002FD5FE /* PBXTargetDependency */ = {
			isa = PBXTargetDependency;
			target = CEBE9D202008D3B0002FD5FE /* SpringTicket */;
			targetProxy = CEBE9D3D2008D3B0002FD5FE /* PBXContainerItemProxy */;
		};
/* End PBXTargetDependency section */

/* Begin XCBuildConfiguration section */
		CEBE9D432008D3B1002FD5FE /* Debug */ = {
			isa = XCBuildConfiguration;
			buildSettings = {
				ALWAYS_SEARCH_USER_PATHS = NO;
				CLANG_ANALYZER_NONNULL = YES;
				CLANG_ANALYZER_NUMBER_OBJECT_CONVERSION = YES_AGGRESSIVE;
				CLANG_CXX_LANGUAGE_STANDARD = "gnu++14";
				CLANG_CXX_LIBRARY = "libc++";
				CLANG_ENABLE_MODULES = YES;
				CLANG_ENABLE_OBJC_ARC = YES;
				CLANG_WARN_BLOCK_CAPTURE_AUTORELEASING = YES;
				CLANG_WARN_BOOL_CONVERSION = YES;
				CLANG_WARN_COMMA = YES;
				CLANG_WARN_CONSTANT_CONVERSION = YES;
				CLANG_WARN_DIRECT_OBJC_ISA_USAGE = YES_ERROR;
				CLANG_WARN_DOCUMENTATION_COMMENTS = YES;
				CLANG_WARN_EMPTY_BODY = YES;
				CLANG_WARN_ENUM_CONVERSION = YES;
				CLANG_WARN_INFINITE_RECURSION = YES;
				CLANG_WARN_INT_CONVERSION = YES;
				CLANG_WARN_NON_LITERAL_NULL_CONVERSION = YES;
				CLANG_WARN_OBJC_LITERAL_CONVERSION = YES;
				CLANG_WARN_OBJC_ROOT_CLASS = YES_ERROR;
				CLANG_WARN_RANGE_LOOP_ANALYSIS = YES;
				CLANG_WARN_STRICT_PROTOTYPES = YES;
				CLANG_WARN_SUSPICIOUS_MOVE = YES;
				CLANG_WARN_UNGUARDED_AVAILABILITY = YES_AGGRESSIVE;
				CLANG_WARN_UNREACHABLE_CODE = YES;
				CLANG_WARN__DUPLICATE_METHOD_MATCH = YES;
				CODE_SIGN_IDENTITY = "-";
				COPY_PHASE_STRIP = NO;
				DEBUG_INFORMATION_FORMAT = dwarf;
				ENABLE_STRICT_OBJC_MSGSEND = YES;
				ENABLE_TESTABILITY = YES;
				GCC_C_LANGUAGE_STANDARD = gnu11;
				GCC_DYNAMIC_NO_PIC = NO;
				GCC_NO_COMMON_BLOCKS = YES;
				GCC_OPTIMIZATION_LEVEL = 0;
				GCC_PREPROCESSOR_DEFINITIONS = (
					"DEBUG=1",
					"$(inherited)",
				);
				GCC_WARN_64_TO_32_BIT_CONVERSION = YES;
				GCC_WARN_ABOUT_RETURN_TYPE = YES_ERROR;
				GCC_WARN_UNDECLARED_SELECTOR = YES;
				GCC_WARN_UNINITIALIZED_AUTOS = YES_AGGRESSIVE;
				GCC_WARN_UNUSED_FUNCTION = YES;
				GCC_WARN_UNUSED_VARIABLE = YES;
				MACOSX_DEPLOYMENT_TARGET = 10.13;
				MTL_ENABLE_DEBUG_INFO = YES;
				ONLY_ACTIVE_ARCH = YES;
				SDKROOT = macosx;
				SWIFT_ACTIVE_COMPILATION_CONDITIONS = DEBUG;
				SWIFT_OPTIMIZATION_LEVEL = "-Onone";
			};
			name = Debug;
		};
		CEBE9D442008D3B1002FD5FE /* Release */ = {
			isa = XCBuildConfiguration;
			buildSettings = {
				ALWAYS_SEARCH_USER_PATHS = NO;
				CLANG_ANALYZER_NONNULL = YES;
				CLANG_ANALYZER_NUMBER_OBJECT_CONVERSION = YES_AGGRESSIVE;
				CLANG_CXX_LANGUAGE_STANDARD = "gnu++14";
				CLANG_CXX_LIBRARY = "libc++";
				CLANG_ENABLE_MODULES = YES;
				CLANG_ENABLE_OBJC_ARC = YES;
				CLANG_WARN_BLOCK_CAPTURE_AUTORELEASING = YES;
				CLANG_WARN_BOOL_CONVERSION = YES;
				CLANG_WARN_COMMA = YES;
				CLANG_WARN_CONSTANT_CONVERSION = YES;
				CLANG_WARN_DIRECT_OBJC_ISA_USAGE = YES_ERROR;
				CLANG_WARN_DOCUMENTATION_COMMENTS = YES;
				CLANG_WARN_EMPTY_BODY = YES;
				CLANG_WARN_ENUM_CONVERSION = YES;
				CLANG_WARN_INFINITE_RECURSION = YES;
				CLANG_WARN_INT_CONVERSION = YES;
				CLANG_WARN_NON_LITERAL_NULL_CONVERSION = YES;
				CLANG_WARN_OBJC_LITERAL_CONVERSION = YES;
				CLANG_WARN_OBJC_ROOT_CLASS = YES_ERROR;
				CLANG_WARN_RANGE_LOOP_ANALYSIS = YES;
				CLANG_WARN_STRICT_PROTOTYPES = YES;
				CLANG_WARN_SUSPICIOUS_MOVE = YES;
				CLANG_WARN_UNGUARDED_AVAILABILITY = YES_AGGRESSIVE;
				CLANG_WARN_UNREACHABLE_CODE = YES;
				CLANG_WARN__DUPLICATE_METHOD_MATCH = YES;
				CODE_SIGN_IDENTITY = "-";
				COPY_PHASE_STRIP = NO;
				DEBUG_INFORMATION_FORMAT = "dwarf-with-dsym";
				ENABLE_NS_ASSERTIONS = NO;
				ENABLE_STRICT_OBJC_MSGSEND = YES;
				GCC_C_LANGUAGE_STANDARD = gnu11;
				GCC_NO_COMMON_BLOCKS = YES;
				GCC_WARN_64_TO_32_BIT_CONVERSION = YES;
				GCC_WARN_ABOUT_RETURN_TYPE = YES_ERROR;
				GCC_WARN_UNDECLARED_SELECTOR = YES;
				GCC_WARN_UNINITIALIZED_AUTOS = YES_AGGRESSIVE;
				GCC_WARN_UNUSED_FUNCTION = YES;
				GCC_WARN_UNUSED_VARIABLE = YES;
				MACOSX_DEPLOYMENT_TARGET = 10.13;
				MTL_ENABLE_DEBUG_INFO = NO;
				SDKROOT = macosx;
				SWIFT_OPTIMIZATION_LEVEL = "-Owholemodule";
			};
			name = Release;
		};
		CEBE9D462008D3B1002FD5FE /* Debug */ = {
			isa = XCBuildConfiguration;
			buildSettings = {
				ASSETCATALOG_COMPILER_APPICON_NAME = AppIcon;
				CODE_SIGN_STYLE = Automatic;
				COMBINE_HIDPI_IMAGES = YES;
				INFOPLIST_FILE = SpringTicket/Info.plist;
				LD_RUNPATH_SEARCH_PATHS = "$(inherited) @executable_path/../Frameworks";
				MACOSX_DEPLOYMENT_TARGET = 10.10;
				PRODUCT_BUNDLE_IDENTIFIER = NG.SpringTicket;
				PRODUCT_NAME = "$(TARGET_NAME)";
				SWIFT_VERSION = 4.0;
			};
			name = Debug;
		};
		CEBE9D472008D3B1002FD5FE /* Release */ = {
			isa = XCBuildConfiguration;
			buildSettings = {
				ASSETCATALOG_COMPILER_APPICON_NAME = AppIcon;
				CODE_SIGN_STYLE = Automatic;
				COMBINE_HIDPI_IMAGES = YES;
				INFOPLIST_FILE = SpringTicket/Info.plist;
				LD_RUNPATH_SEARCH_PATHS = "$(inherited) @executable_path/../Frameworks";
				MACOSX_DEPLOYMENT_TARGET = 10.10;
				PRODUCT_BUNDLE_IDENTIFIER = NG.SpringTicket;
				PRODUCT_NAME = "$(TARGET_NAME)";
				SWIFT_VERSION = 4.0;
			};
			name = Release;
		};
		CEBE9D492008D3B1002FD5FE /* Debug */ = {
			isa = XCBuildConfiguration;
			buildSettings = {
				ALWAYS_EMBED_SWIFT_STANDARD_LIBRARIES = YES;
				BUNDLE_LOADER = "$(TEST_HOST)";
				CODE_SIGN_STYLE = Automatic;
				COMBINE_HIDPI_IMAGES = YES;
				INFOPLIST_FILE = SpringTicketTests/Info.plist;
				LD_RUNPATH_SEARCH_PATHS = "$(inherited) @executable_path/../Frameworks @loader_path/../Frameworks";
				PRODUCT_BUNDLE_IDENTIFIER = NG.SpringTicketTests;
				PRODUCT_NAME = "$(TARGET_NAME)";
				SWIFT_VERSION = 4.0;
				TEST_HOST = "$(BUILT_PRODUCTS_DIR)/SpringTicket.app/Contents/MacOS/SpringTicket";
			};
			name = Debug;
		};
		CEBE9D4A2008D3B1002FD5FE /* Release */ = {
			isa = XCBuildConfiguration;
			buildSettings = {
				ALWAYS_EMBED_SWIFT_STANDARD_LIBRARIES = YES;
				BUNDLE_LOADER = "$(TEST_HOST)";
				CODE_SIGN_STYLE = Automatic;
				COMBINE_HIDPI_IMAGES = YES;
				INFOPLIST_FILE = SpringTicketTests/Info.plist;
				LD_RUNPATH_SEARCH_PATHS = "$(inherited) @executable_path/../Frameworks @loader_path/../Frameworks";
				PRODUCT_BUNDLE_IDENTIFIER = NG.SpringTicketTests;
				PRODUCT_NAME = "$(TARGET_NAME)";
				SWIFT_VERSION = 4.0;
				TEST_HOST = "$(BUILT_PRODUCTS_DIR)/SpringTicket.app/Contents/MacOS/SpringTicket";
			};
			name = Release;
		};
		CEBE9D4C2008D3B1002FD5FE /* Debug */ = {
			isa = XCBuildConfiguration;
			buildSettings = {
				ALWAYS_EMBED_SWIFT_STANDARD_LIBRARIES = YES;
				CODE_SIGN_STYLE = Automatic;
				COMBINE_HIDPI_IMAGES = YES;
				INFOPLIST_FILE = SpringTicketUITests/Info.plist;
				LD_RUNPATH_SEARCH_PATHS = "$(inherited) @executable_path/../Frameworks @loader_path/../Frameworks";
				PRODUCT_BUNDLE_IDENTIFIER = NG.SpringTicketUITests;
				PRODUCT_NAME = "$(TARGET_NAME)";
				SWIFT_VERSION = 4.0;
				TEST_TARGET_NAME = SpringTicket;
			};
			name = Debug;
		};
		CEBE9D4D2008D3B1002FD5FE /* Release */ = {
			isa = XCBuildConfiguration;
			buildSettings = {
				ALWAYS_EMBED_SWIFT_STANDARD_LIBRARIES = YES;
				CODE_SIGN_STYLE = Automatic;
				COMBINE_HIDPI_IMAGES = YES;
				INFOPLIST_FILE = SpringTicketUITests/Info.plist;
				LD_RUNPATH_SEARCH_PATHS = "$(inherited) @executable_path/../Frameworks @loader_path/../Frameworks";
				PRODUCT_BUNDLE_IDENTIFIER = NG.SpringTicketUITests;
				PRODUCT_NAME = "$(TARGET_NAME)";
				SWIFT_VERSION = 4.0;
				TEST_TARGET_NAME = SpringTicket;
			};
			name = Release;
		};
/* End XCBuildConfiguration section */

/* Begin XCConfigurationList section */
		CEBE9D1C2008D3B0002FD5FE /* Build configuration list for PBXProject "SpringTicket" */ = {
			isa = XCConfigurationList;
			buildConfigurations = (
				CEBE9D432008D3B1002FD5FE /* Debug */,
				CEBE9D442008D3B1002FD5FE /* Release */,
			);
			defaultConfigurationIsVisible = 0;
			defaultConfigurationName = Release;
		};
		CEBE9D452008D3B1002FD5FE /* Build configuration list for PBXNativeTarget "SpringTicket" */ = {
			isa = XCConfigurationList;
			buildConfigurations = (
				CEBE9D462008D3B1002FD5FE /* Debug */,
				CEBE9D472008D3B1002FD5FE /* Release */,
			);
			defaultConfigurationIsVisible = 0;
			defaultConfigurationName = Release;
		};
		CEBE9D482008D3B1002FD5FE /* Build configuration list for PBXNativeTarget "SpringTicketTests" */ = {
			isa = XCConfigurationList;
			buildConfigurations = (
				CEBE9D492008D3B1002FD5FE /* Debug */,
				CEBE9D4A2008D3B1002FD5FE /* Release */,
			);
			defaultConfigurationIsVisible = 0;
			defaultConfigurationName = Release;
		};
		CEBE9D4B2008D3B1002FD5FE /* Build configuration list for PBXNativeTarget "SpringTicketUITests" */ = {
			isa = XCConfigurationList;
			buildConfigurations = (
				CEBE9D4C2008D3B1002FD5FE /* Debug */,
				CEBE9D4D2008D3B1002FD5FE /* Release */,
			);
			defaultConfigurationIsVisible = 0;
			defaultConfigurationName = Release;
		};
/* End XCConfigurationList section */
	};
	rootObject = CEBE9D192008D3B0002FD5FE /* Project object */;
}
